{
  "version": 4,
  "terraform_version": "0.15.4",
  "serial": 308,
  "lineage": "7f6f27e5-12df-398a-183a-200375382375",
  "outputs": {},
  "resources": [
    {
      "mode": "managed",
      "type": "azurerm_availability_set",
      "name": "avset",
      "provider": "provider[\"registry.terraform.io/hashicorp/azurerm\"]",
      "instances": [
        {
          "schema_version": 0,
          "attributes": {
            "id": "/subscriptions/5574b6c1-8964-4c00-a89d-73977f7bdd67/resourceGroups/jfrog/providers/Microsoft.Compute/availabilitySets/avset",
            "location": "westus2",
            "managed": true,
            "name": "avset",
            "platform_fault_domain_count": 3,
            "platform_update_domain_count": 3,
            "proximity_placement_group_id": null,
            "resource_group_name": "jfrog",
            "tags": {},
            "timeouts": null
          },
          "sensitive_attributes": [],
          "private": "eyJlMmJmYjczMC1lY2FhLTExZTYtOGY4OC0zNDM2M2JjN2M0YzAiOnsiY3JlYXRlIjoxODAwMDAwMDAwMDAwLCJkZWxldGUiOjE4MDAwMDAwMDAwMDAsInJlYWQiOjMwMDAwMDAwMDAwMCwidXBkYXRlIjoxODAwMDAwMDAwMDAwfX0=",
          "dependencies": [
            "azurerm_resource_group.test"
          ]
        }
      ]
    },
    {
      "mode": "managed",
      "type": "azurerm_lb",
      "name": "test",
      "provider": "provider[\"registry.terraform.io/hashicorp/azurerm\"]",
      "instances": [
        {
          "schema_version": 0,
          "attributes": {
            "frontend_ip_configuration": [
              {
                "id": "/subscriptions/5574b6c1-8964-4c00-a89d-73977f7bdd67/resourceGroups/jfrog/providers/Microsoft.Network/loadBalancers/loadBalancer/frontendIPConfigurations/PublicIPAddress",
                "inbound_nat_rules": [],
                "load_balancer_rules": [
                  "/subscriptions/5574b6c1-8964-4c00-a89d-73977f7bdd67/resourceGroups/jfrog/providers/Microsoft.Network/loadBalancers/loadBalancer/loadBalancingRules/http"
                ],
                "name": "PublicIPAddress",
                "outbound_rules": [],
                "private_ip_address": "",
                "private_ip_address_allocation": "Dynamic",
                "private_ip_address_version": "IPv4",
                "public_ip_address_id": "/subscriptions/5574b6c1-8964-4c00-a89d-73977f7bdd67/resourceGroups/jfrog/providers/Microsoft.Network/publicIPAddresses/PublicIPForLB",
                "public_ip_prefix_id": "",
                "subnet_id": "",
                "zones": []
              }
            ],
            "id": "/subscriptions/5574b6c1-8964-4c00-a89d-73977f7bdd67/resourceGroups/jfrog/providers/Microsoft.Network/loadBalancers/loadBalancer",
            "location": "westus2",
            "name": "loadBalancer",
            "private_ip_address": "",
            "private_ip_addresses": [],
            "resource_group_name": "jfrog",
            "sku": "Standard",
            "tags": {},
            "timeouts": null
          },
          "sensitive_attributes": [],
          "private": "eyJlMmJmYjczMC1lY2FhLTExZTYtOGY4OC0zNDM2M2JjN2M0YzAiOnsiY3JlYXRlIjoxODAwMDAwMDAwMDAwLCJkZWxldGUiOjE4MDAwMDAwMDAwMDAsInJlYWQiOjMwMDAwMDAwMDAwMCwidXBkYXRlIjoxODAwMDAwMDAwMDAwfX0=",
          "dependencies": [
            "azurerm_public_ip.test",
            "azurerm_resource_group.test"
          ]
        }
      ]
    },
    {
      "mode": "managed",
      "type": "azurerm_lb_backend_address_pool",
      "name": "test",
      "provider": "provider[\"registry.terraform.io/hashicorp/azurerm\"]",
      "instances": [
        {
          "schema_version": 0,
          "attributes": {
            "backend_address": [],
            "backend_ip_configurations": [
              "/subscriptions/5574b6c1-8964-4c00-a89d-73977f7bdd67/resourceGroups/jfrog/providers/Microsoft.Network/networkInterfaces/backend_address01/ipConfigurations/testConfiguration"
            ],
            "id": "/subscriptions/5574b6c1-8964-4c00-a89d-73977f7bdd67/resourceGroups/jfrog/providers/Microsoft.Network/loadBalancers/loadBalancer/backendAddressPools/BackEndAddressPool",
            "load_balancing_rules": [
              "/subscriptions/5574b6c1-8964-4c00-a89d-73977f7bdd67/resourceGroups/jfrog/providers/Microsoft.Network/loadBalancers/loadBalancer/loadBalancingRules/http"
            ],
            "loadbalancer_id": "/subscriptions/5574b6c1-8964-4c00-a89d-73977f7bdd67/resourceGroups/jfrog/providers/Microsoft.Network/loadBalancers/loadBalancer",
            "name": "BackEndAddressPool",
            "outbound_rules": [],
            "resource_group_name": "jfrog",
            "timeouts": null
          },
          "sensitive_attributes": [],
          "private": "eyJlMmJmYjczMC1lY2FhLTExZTYtOGY4OC0zNDM2M2JjN2M0YzAiOnsiY3JlYXRlIjoxODAwMDAwMDAwMDAwLCJkZWxldGUiOjE4MDAwMDAwMDAwMDAsInJlYWQiOjMwMDAwMDAwMDAwMCwidXBkYXRlIjoxODAwMDAwMDAwMDAwfX0=",
          "dependencies": [
            "azurerm_public_ip.test",
            "azurerm_resource_group.test",
            "azurerm_lb.test"
          ]
        }
      ]
    },
    {
      "mode": "managed",
      "type": "azurerm_lb_probe",
      "name": "test",
      "provider": "provider[\"registry.terraform.io/hashicorp/azurerm\"]",
      "instances": [
        {
          "schema_version": 0,
          "attributes": {
            "id": "/subscriptions/5574b6c1-8964-4c00-a89d-73977f7bdd67/resourceGroups/jfrog/providers/Microsoft.Network/loadBalancers/loadBalancer/probes/ssh-running-probe",
            "interval_in_seconds": 15,
            "load_balancer_rules": [
              "/subscriptions/5574b6c1-8964-4c00-a89d-73977f7bdd67/resourceGroups/jfrog/providers/Microsoft.Network/loadBalancers/loadBalancer/loadBalancingRules/http"
            ],
            "loadbalancer_id": "/subscriptions/5574b6c1-8964-4c00-a89d-73977f7bdd67/resourceGroups/jfrog/providers/Microsoft.Network/loadBalancers/loadBalancer",
            "name": "ssh-running-probe",
            "number_of_probes": 2,
            "port": 22,
            "protocol": "Tcp",
            "request_path": "",
            "resource_group_name": "jfrog",
            "timeouts": null
          },
          "sensitive_attributes": [],
          "private": "eyJlMmJmYjczMC1lY2FhLTExZTYtOGY4OC0zNDM2M2JjN2M0YzAiOnsiY3JlYXRlIjoxODAwMDAwMDAwMDAwLCJkZWxldGUiOjE4MDAwMDAwMDAwMDAsInJlYWQiOjMwMDAwMDAwMDAwMCwidXBkYXRlIjoxODAwMDAwMDAwMDAwfX0=",
          "dependencies": [
            "azurerm_lb.test",
            "azurerm_public_ip.test",
            "azurerm_resource_group.test"
          ]
        }
      ]
    },
    {
      "mode": "managed",
      "type": "azurerm_lb_rule",
      "name": "lbnatrule",
      "provider": "provider[\"registry.terraform.io/hashicorp/azurerm\"]",
      "instances": [
        {
          "schema_version": 0,
          "attributes": {
            "backend_address_pool_id": "/subscriptions/5574b6c1-8964-4c00-a89d-73977f7bdd67/resourceGroups/jfrog/providers/Microsoft.Network/loadBalancers/loadBalancer/backendAddressPools/BackEndAddressPool",
            "backend_port": 22,
            "disable_outbound_snat": false,
            "enable_floating_ip": false,
            "enable_tcp_reset": true,
            "frontend_ip_configuration_id": "/subscriptions/5574b6c1-8964-4c00-a89d-73977f7bdd67/resourceGroups/jfrog/providers/Microsoft.Network/loadBalancers/loadBalancer/frontendIPConfigurations/PublicIPAddress",
            "frontend_ip_configuration_name": "PublicIPAddress",
            "frontend_port": 22,
            "id": "/subscriptions/5574b6c1-8964-4c00-a89d-73977f7bdd67/resourceGroups/jfrog/providers/Microsoft.Network/loadBalancers/loadBalancer/loadBalancingRules/http",
            "idle_timeout_in_minutes": 4,
            "load_distribution": "Default",
            "loadbalancer_id": "/subscriptions/5574b6c1-8964-4c00-a89d-73977f7bdd67/resourceGroups/jfrog/providers/Microsoft.Network/loadBalancers/loadBalancer",
            "name": "http",
            "probe_id": "/subscriptions/5574b6c1-8964-4c00-a89d-73977f7bdd67/resourceGroups/jfrog/providers/Microsoft.Network/loadBalancers/loadBalancer/probes/ssh-running-probe",
            "protocol": "Tcp",
            "resource_group_name": "jfrog",
            "timeouts": null
          },
          "sensitive_attributes": [],
          "private": "eyJlMmJmYjczMC1lY2FhLTExZTYtOGY4OC0zNDM2M2JjN2M0YzAiOnsiY3JlYXRlIjoxODAwMDAwMDAwMDAwLCJkZWxldGUiOjE4MDAwMDAwMDAwMDAsInJlYWQiOjMwMDAwMDAwMDAwMCwidXBkYXRlIjoxODAwMDAwMDAwMDAwfX0=",
          "dependencies": [
            "azurerm_lb.test",
            "azurerm_lb_backend_address_pool.test",
            "azurerm_lb_probe.test",
            "azurerm_public_ip.test",
            "azurerm_resource_group.test"
          ]
        }
      ]
    },
    {
      "mode": "managed",
      "type": "azurerm_managed_disk",
      "name": "test",
      "provider": "provider[\"registry.terraform.io/hashicorp/azurerm\"]",
      "instances": [
        {
          "schema_version": 0,
          "attributes": {
            "create_option": "Empty",
            "disk_access_id": "",
            "disk_encryption_set_id": "",
            "disk_iops_read_write": 500,
            "disk_mbps_read_write": 60,
            "disk_size_gb": 11,
            "encryption_settings": [],
            "id": "/subscriptions/5574b6c1-8964-4c00-a89d-73977f7bdd67/resourceGroups/jfrog/providers/Microsoft.Compute/disks/datadisk_artifacts",
            "image_reference_id": "",
            "location": "westus2",
            "name": "datadisk_artifacts",
            "network_access_policy": null,
            "os_type": "",
            "resource_group_name": "jfrog",
            "source_resource_id": "",
            "source_uri": "",
            "storage_account_id": "",
            "storage_account_type": "Standard_LRS",
            "tags": {},
            "tier": "",
            "timeouts": null,
            "zones": []
          },
          "sensitive_attributes": [],
          "private": "eyJlMmJmYjczMC1lY2FhLTExZTYtOGY4OC0zNDM2M2JjN2M0YzAiOnsiY3JlYXRlIjoxODAwMDAwMDAwMDAwLCJkZWxldGUiOjE4MDAwMDAwMDAwMDAsInJlYWQiOjMwMDAwMDAwMDAwMCwidXBkYXRlIjoxODAwMDAwMDAwMDAwfX0=",
          "dependencies": [
            "azurerm_resource_group.test"
          ]
        }
      ]
    },
    {
      "mode": "managed",
      "type": "azurerm_network_interface",
      "name": "test01",
      "provider": "provider[\"registry.terraform.io/hashicorp/azurerm\"]",
      "instances": [
        {
          "schema_version": 0,
          "attributes": {
            "applied_dns_servers": [],
            "dns_servers": [],
            "enable_accelerated_networking": false,
            "enable_ip_forwarding": false,
            "id": "/subscriptions/5574b6c1-8964-4c00-a89d-73977f7bdd67/resourceGroups/jfrog/providers/Microsoft.Network/networkInterfaces/backend_address01",
            "internal_dns_name_label": "",
            "internal_domain_name_suffix": "z0zzdkdboupubnuy53svbj4udh.xx.internal.cloudapp.net",
            "ip_configuration": [
              {
                "name": "testConfiguration",
                "primary": true,
                "private_ip_address": "10.0.2.4",
                "private_ip_address_allocation": "Dynamic",
                "private_ip_address_version": "IPv4",
                "public_ip_address_id": "",
                "subnet_id": "/subscriptions/5574b6c1-8964-4c00-a89d-73977f7bdd67/resourceGroups/jfrog/providers/Microsoft.Network/virtualNetworks/acctvn/subnets/acctsub"
              }
            ],
            "location": "westus2",
            "mac_address": "00-0D-3A-C6-1B-5B",
            "name": "backend_address01",
            "private_ip_address": "10.0.2.4",
            "private_ip_addresses": [
              "10.0.2.4"
            ],
            "resource_group_name": "jfrog",
            "tags": {},
            "timeouts": null,
            "virtual_machine_id": "/subscriptions/5574b6c1-8964-4c00-a89d-73977f7bdd67/resourceGroups/jfrog/providers/Microsoft.Compute/virtualMachines/jfrogapp01"
          },
          "sensitive_attributes": [],
          "private": "eyJlMmJmYjczMC1lY2FhLTExZTYtOGY4OC0zNDM2M2JjN2M0YzAiOnsiY3JlYXRlIjoxODAwMDAwMDAwMDAwLCJkZWxldGUiOjE4MDAwMDAwMDAwMDAsInJlYWQiOjMwMDAwMDAwMDAwMCwidXBkYXRlIjoxODAwMDAwMDAwMDAwfX0=",
          "dependencies": [
            "azurerm_resource_group.test",
            "azurerm_subnet.test",
            "azurerm_virtual_network.test"
          ]
        }
      ]
    },
    {
      "mode": "managed",
      "type": "azurerm_network_interface_backend_address_pool_association",
      "name": "test",
      "provider": "provider[\"registry.terraform.io/hashicorp/azurerm\"]",
      "instances": [
        {
          "schema_version": 0,
          "attributes": {
            "backend_address_pool_id": "/subscriptions/5574b6c1-8964-4c00-a89d-73977f7bdd67/resourceGroups/jfrog/providers/Microsoft.Network/loadBalancers/loadBalancer/backendAddressPools/BackEndAddressPool",
            "id": "/subscriptions/5574b6c1-8964-4c00-a89d-73977f7bdd67/resourceGroups/jfrog/providers/Microsoft.Network/networkInterfaces/backend_address01/ipConfigurations/testConfiguration|/subscriptions/5574b6c1-8964-4c00-a89d-73977f7bdd67/resourceGroups/jfrog/providers/Microsoft.Network/loadBalancers/loadBalancer/backendAddressPools/BackEndAddressPool",
            "ip_configuration_name": "testConfiguration",
            "network_interface_id": "/subscriptions/5574b6c1-8964-4c00-a89d-73977f7bdd67/resourceGroups/jfrog/providers/Microsoft.Network/networkInterfaces/backend_address01",
            "timeouts": null
          },
          "sensitive_attributes": [],
          "private": "eyJlMmJmYjczMC1lY2FhLTExZTYtOGY4OC0zNDM2M2JjN2M0YzAiOnsiY3JlYXRlIjoxODAwMDAwMDAwMDAwLCJkZWxldGUiOjE4MDAwMDAwMDAwMDAsInJlYWQiOjMwMDAwMDAwMDAwMCwidXBkYXRlIjoxODAwMDAwMDAwMDAwfX0=",
          "dependencies": [
            "azurerm_resource_group.test",
            "azurerm_subnet.test",
            "azurerm_virtual_network.test",
            "azurerm_lb.test",
            "azurerm_lb_backend_address_pool.test",
            "azurerm_network_interface.test01",
            "azurerm_public_ip.test"
          ]
        }
      ]
    },
    {
      "mode": "managed",
      "type": "azurerm_network_security_group",
      "name": "test",
      "provider": "provider[\"registry.terraform.io/hashicorp/azurerm\"]",
      "instances": [
        {
          "schema_version": 0,
          "attributes": {
            "id": "/subscriptions/5574b6c1-8964-4c00-a89d-73977f7bdd67/resourceGroups/jfrog/providers/Microsoft.Network/networkSecurityGroups/SecurityGroup01",
            "location": "westus2",
            "name": "SecurityGroup01",
            "resource_group_name": "jfrog",
            "security_rule": [
              {
                "access": "Allow",
                "description": "",
                "destination_address_prefix": "*",
                "destination_address_prefixes": [],
                "destination_application_security_group_ids": [],
                "destination_port_range": "*",
                "destination_port_ranges": [],
                "direction": "Inbound",
                "name": "sg_rule_02",
                "priority": 100,
                "protocol": "Tcp",
                "source_address_prefix": "*",
                "source_address_prefixes": [],
                "source_application_security_group_ids": [],
                "source_port_range": "*",
                "source_port_ranges": []
              }
            ],
            "tags": {},
            "timeouts": null
          },
          "sensitive_attributes": [],
          "private": "eyJlMmJmYjczMC1lY2FhLTExZTYtOGY4OC0zNDM2M2JjN2M0YzAiOnsiY3JlYXRlIjoxODAwMDAwMDAwMDAwLCJkZWxldGUiOjE4MDAwMDAwMDAwMDAsInJlYWQiOjMwMDAwMDAwMDAwMCwidXBkYXRlIjoxODAwMDAwMDAwMDAwfX0=",
          "dependencies": [
            "azurerm_resource_group.test"
          ]
        }
      ]
    },
    {
      "mode": "managed",
      "type": "azurerm_network_security_rule",
      "name": "test",
      "provider": "provider[\"registry.terraform.io/hashicorp/azurerm\"]",
      "instances": [
        {
          "schema_version": 0,
          "attributes": {
            "access": "Allow",
            "description": "",
            "destination_address_prefix": "*",
            "destination_address_prefixes": null,
            "destination_application_security_group_ids": null,
            "destination_port_range": "*",
            "destination_port_ranges": null,
            "direction": "Outbound",
            "id": "/subscriptions/5574b6c1-8964-4c00-a89d-73977f7bdd67/resourceGroups/jfrog/providers/Microsoft.Network/networkSecurityGroups/SecurityGroup01/securityRules/sg_rule_01",
            "name": "sg_rule_01",
            "network_security_group_name": "SecurityGroup01",
            "priority": 100,
            "protocol": "Tcp",
            "resource_group_name": "jfrog",
            "source_address_prefix": "*",
            "source_address_prefixes": null,
            "source_application_security_group_ids": null,
            "source_port_range": "*",
            "source_port_ranges": null,
            "timeouts": null
          },
          "sensitive_attributes": [],
          "private": "eyJlMmJmYjczMC1lY2FhLTExZTYtOGY4OC0zNDM2M2JjN2M0YzAiOnsiY3JlYXRlIjoxODAwMDAwMDAwMDAwLCJkZWxldGUiOjE4MDAwMDAwMDAwMDAsInJlYWQiOjMwMDAwMDAwMDAwMCwidXBkYXRlIjoxODAwMDAwMDAwMDAwfX0=",
          "dependencies": [
            "azurerm_network_security_group.test",
            "azurerm_resource_group.test"
          ]
        }
      ]
    },
    {
      "mode": "managed",
      "type": "azurerm_network_security_rule",
      "name": "test02",
      "provider": "provider[\"registry.terraform.io/hashicorp/azurerm\"]",
      "instances": [
        {
          "schema_version": 0,
          "attributes": {
            "access": "Allow",
            "description": "",
            "destination_address_prefix": "*",
            "destination_address_prefixes": [],
            "destination_application_security_group_ids": [],
            "destination_port_range": "*",
            "destination_port_ranges": [],
            "direction": "Inbound",
            "id": "/subscriptions/5574b6c1-8964-4c00-a89d-73977f7bdd67/resourceGroups/jfrog/providers/Microsoft.Network/networkSecurityGroups/SecurityGroup01/securityRules/sg_rule_02",
            "name": "sg_rule_02",
            "network_security_group_name": "SecurityGroup01",
            "priority": 100,
            "protocol": "Tcp",
            "resource_group_name": "jfrog",
            "source_address_prefix": "*",
            "source_address_prefixes": [],
            "source_application_security_group_ids": [],
            "source_port_range": "*",
            "source_port_ranges": [],
            "timeouts": null
          },
          "sensitive_attributes": [],
          "private": "eyJlMmJmYjczMC1lY2FhLTExZTYtOGY4OC0zNDM2M2JjN2M0YzAiOnsiY3JlYXRlIjoxODAwMDAwMDAwMDAwLCJkZWxldGUiOjE4MDAwMDAwMDAwMDAsInJlYWQiOjMwMDAwMDAwMDAwMCwidXBkYXRlIjoxODAwMDAwMDAwMDAwfX0=",
          "dependencies": [
            "azurerm_network_security_group.test",
            "azurerm_resource_group.test"
          ]
        }
      ]
    },
    {
      "mode": "managed",
      "type": "azurerm_public_ip",
      "name": "test",
      "provider": "provider[\"registry.terraform.io/hashicorp/azurerm\"]",
      "instances": [
        {
          "schema_version": 0,
          "attributes": {
            "allocation_method": "Static",
            "domain_name_label": null,
            "fqdn": null,
            "id": "/subscriptions/5574b6c1-8964-4c00-a89d-73977f7bdd67/resourceGroups/jfrog/providers/Microsoft.Network/publicIPAddresses/PublicIPForLB",
            "idle_timeout_in_minutes": 4,
            "ip_address": "20.69.139.185",
            "ip_tags": {},
            "ip_version": "IPv4",
            "location": "westus2",
            "name": "PublicIPForLB",
            "public_ip_prefix_id": null,
            "resource_group_name": "jfrog",
            "reverse_fqdn": null,
            "sku": "Standard",
            "tags": {},
            "timeouts": null,
            "zones": []
          },
          "sensitive_attributes": [],
          "private": "eyJlMmJmYjczMC1lY2FhLTExZTYtOGY4OC0zNDM2M2JjN2M0YzAiOnsiY3JlYXRlIjoxODAwMDAwMDAwMDAwLCJkZWxldGUiOjE4MDAwMDAwMDAwMDAsInJlYWQiOjMwMDAwMDAwMDAwMCwidXBkYXRlIjoxODAwMDAwMDAwMDAwfX0=",
          "dependencies": [
            "azurerm_resource_group.test"
          ]
        }
      ]
    },
    {
      "mode": "managed",
      "type": "azurerm_resource_group",
      "name": "test",
      "provider": "provider[\"registry.terraform.io/hashicorp/azurerm\"]",
      "instances": [
        {
          "schema_version": 0,
          "attributes": {
            "id": "/subscriptions/5574b6c1-8964-4c00-a89d-73977f7bdd67/resourceGroups/jfrog",
            "location": "westus2",
            "name": "jfrog",
            "tags": {},
            "timeouts": null
          },
          "sensitive_attributes": [],
          "private": "eyJlMmJmYjczMC1lY2FhLTExZTYtOGY4OC0zNDM2M2JjN2M0YzAiOnsiY3JlYXRlIjo1NDAwMDAwMDAwMDAwLCJkZWxldGUiOjU0MDAwMDAwMDAwMDAsInJlYWQiOjMwMDAwMDAwMDAwMCwidXBkYXRlIjo1NDAwMDAwMDAwMDAwfX0="
        }
      ]
    },
    {
      "mode": "managed",
      "type": "azurerm_subnet",
      "name": "test",
      "provider": "provider[\"registry.terraform.io/hashicorp/azurerm\"]",
      "instances": [
        {
          "schema_version": 0,
          "attributes": {
            "address_prefix": "10.0.2.0/24",
            "address_prefixes": [
              "10.0.2.0/24"
            ],
            "delegation": [],
            "enforce_private_link_endpoint_network_policies": false,
            "enforce_private_link_service_network_policies": false,
            "id": "/subscriptions/5574b6c1-8964-4c00-a89d-73977f7bdd67/resourceGroups/jfrog/providers/Microsoft.Network/virtualNetworks/acctvn/subnets/acctsub",
            "name": "acctsub",
            "resource_group_name": "jfrog",
            "service_endpoint_policy_ids": [],
            "service_endpoints": [],
            "timeouts": null,
            "virtual_network_name": "acctvn"
          },
          "sensitive_attributes": [],
          "private": "eyJlMmJmYjczMC1lY2FhLTExZTYtOGY4OC0zNDM2M2JjN2M0YzAiOnsiY3JlYXRlIjoxODAwMDAwMDAwMDAwLCJkZWxldGUiOjE4MDAwMDAwMDAwMDAsInJlYWQiOjMwMDAwMDAwMDAwMCwidXBkYXRlIjoxODAwMDAwMDAwMDAwfX0=",
          "dependencies": [
            "azurerm_virtual_network.test",
            "azurerm_resource_group.test"
          ]
        }
      ]
    },
    {
      "mode": "managed",
      "type": "azurerm_subnet_network_security_group_association",
      "name": "test",
      "provider": "provider[\"registry.terraform.io/hashicorp/azurerm\"]",
      "instances": [
        {
          "schema_version": 0,
          "attributes": {
            "id": "/subscriptions/5574b6c1-8964-4c00-a89d-73977f7bdd67/resourceGroups/jfrog/providers/Microsoft.Network/virtualNetworks/acctvn/subnets/acctsub",
            "network_security_group_id": "/subscriptions/5574b6c1-8964-4c00-a89d-73977f7bdd67/resourceGroups/jfrog/providers/Microsoft.Network/networkSecurityGroups/SecurityGroup01",
            "subnet_id": "/subscriptions/5574b6c1-8964-4c00-a89d-73977f7bdd67/resourceGroups/jfrog/providers/Microsoft.Network/virtualNetworks/acctvn/subnets/acctsub",
            "timeouts": null
          },
          "sensitive_attributes": [],
          "private": "eyJlMmJmYjczMC1lY2FhLTExZTYtOGY4OC0zNDM2M2JjN2M0YzAiOnsiY3JlYXRlIjoxODAwMDAwMDAwMDAwLCJkZWxldGUiOjE4MDAwMDAwMDAwMDAsInJlYWQiOjMwMDAwMDAwMDAwMCwidXBkYXRlIjoxODAwMDAwMDAwMDAwfX0=",
          "dependencies": [
            "azurerm_subnet.test",
            "azurerm_virtual_network.test",
            "azurerm_network_security_group.test",
            "azurerm_resource_group.test"
          ]
        }
      ]
    },
    {
      "mode": "managed",
      "type": "azurerm_virtual_machine",
      "name": "test",
      "provider": "provider[\"registry.terraform.io/hashicorp/azurerm\"]",
      "instances": [
        {
          "index_key": 0,
          "schema_version": 0,
          "attributes": {
            "additional_capabilities": [],
            "availability_set_id": "/subscriptions/5574b6c1-8964-4c00-a89d-73977f7bdd67/resourcegroups/jfrog/providers/microsoft.compute/availabilitysets/avset",
            "boot_diagnostics": [],
            "delete_data_disks_on_termination": true,
            "delete_os_disk_on_termination": true,
            "id": "/subscriptions/5574b6c1-8964-4c00-a89d-73977f7bdd67/resourceGroups/jfrog/providers/Microsoft.Compute/virtualMachines/jfrogapp01",
            "identity": [],
            "license_type": null,
            "location": "westus2",
            "name": "jfrogapp01",
            "network_interface_ids": [
              "/subscriptions/5574b6c1-8964-4c00-a89d-73977f7bdd67/resourceGroups/jfrog/providers/Microsoft.Network/networkInterfaces/backend_address01"
            ],
            "os_profile": [
              {
                "admin_password": "",
                "admin_username": "testadmin",
                "computer_name": "jfrogapp01",
                "custom_data": ""
              }
            ],
            "os_profile_linux_config": [
              {
                "disable_password_authentication": false,
                "ssh_keys": []
              }
            ],
            "os_profile_secrets": [],
            "os_profile_windows_config": [],
            "plan": [],
            "primary_network_interface_id": null,
            "proximity_placement_group_id": null,
            "resource_group_name": "jfrog",
            "storage_data_disk": [
              {
                "caching": "None",
                "create_option": "Empty",
                "disk_size_gb": 20,
                "lun": 0,
                "managed_disk_id": "/subscriptions/5574b6c1-8964-4c00-a89d-73977f7bdd67/resourceGroups/jfrog/providers/Microsoft.Compute/disks/datadisk_new_01",
                "managed_disk_type": "Standard_LRS",
                "name": "datadisk_new_01",
                "vhd_uri": "",
                "write_accelerator_enabled": false
              },
              {
                "caching": "None",
                "create_option": "Attach",
                "disk_size_gb": 11,
                "lun": 1,
                "managed_disk_id": "/subscriptions/5574b6c1-8964-4c00-a89d-73977f7bdd67/resourceGroups/jfrog/providers/Microsoft.Compute/disks/datadisk_artifacts",
                "managed_disk_type": "Standard_LRS",
                "name": "datadisk_artifacts",
                "vhd_uri": "",
                "write_accelerator_enabled": false
              }
            ],
            "storage_image_reference": [
              {
                "id": "",
                "offer": "CentOS",
                "publisher": "OpenLogic",
                "sku": "7.5",
                "version": "latest"
              }
            ],
            "storage_os_disk": [
              {
                "caching": "ReadWrite",
                "create_option": "FromImage",
                "disk_size_gb": 30,
                "image_uri": "",
                "managed_disk_id": "/subscriptions/5574b6c1-8964-4c00-a89d-73977f7bdd67/resourceGroups/jfrog/providers/Microsoft.Compute/disks/myosdisk01",
                "managed_disk_type": "Standard_LRS",
                "name": "myosdisk01",
                "os_type": "Linux",
                "vhd_uri": "",
                "write_accelerator_enabled": false
              }
            ],
            "tags": {
              "environment": "staging"
            },
            "timeouts": null,
            "vm_size": "Standard_DS1_v2",
            "zones": []
          },
          "sensitive_attributes": [],
          "private": "eyJlMmJmYjczMC1lY2FhLTExZTYtOGY4OC0zNDM2M2JjN2M0YzAiOnsiY3JlYXRlIjozNjAwMDAwMDAwMDAwLCJkZWxldGUiOjM2MDAwMDAwMDAwMDAsInJlYWQiOjMwMDAwMDAwMDAwMCwidXBkYXRlIjozNjAwMDAwMDAwMDAwfX0=",
          "dependencies": [
            "azurerm_availability_set.avset",
            "azurerm_managed_disk.test",
            "azurerm_network_interface.test01",
            "azurerm_resource_group.test",
            "azurerm_subnet.test",
            "azurerm_virtual_network.test"
          ]
        }
      ]
    },
    {
      "mode": "managed",
      "type": "azurerm_virtual_network",
      "name": "test",
      "provider": "provider[\"registry.terraform.io/hashicorp/azurerm\"]",
      "instances": [
        {
          "schema_version": 0,
          "attributes": {
            "address_space": [
              "10.0.0.0/16"
            ],
            "bgp_community": "",
            "ddos_protection_plan": [],
            "dns_servers": [],
            "guid": "a891b3ce-7561-401f-b698-ff6550a7d41f",
            "id": "/subscriptions/5574b6c1-8964-4c00-a89d-73977f7bdd67/resourceGroups/jfrog/providers/Microsoft.Network/virtualNetworks/acctvn",
            "location": "westus2",
            "name": "acctvn",
            "resource_group_name": "jfrog",
            "subnet": [
              {
                "address_prefix": "10.0.2.0/24",
                "id": "/subscriptions/5574b6c1-8964-4c00-a89d-73977f7bdd67/resourceGroups/jfrog/providers/Microsoft.Network/virtualNetworks/acctvn/subnets/acctsub",
                "name": "acctsub",
                "security_group": "/subscriptions/5574b6c1-8964-4c00-a89d-73977f7bdd67/resourceGroups/jfrog/providers/Microsoft.Network/networkSecurityGroups/SecurityGroup01"
              }
            ],
            "tags": {},
            "timeouts": null,
            "vm_protection_enabled": false
          },
          "sensitive_attributes": [],
          "private": "eyJlMmJmYjczMC1lY2FhLTExZTYtOGY4OC0zNDM2M2JjN2M0YzAiOnsiY3JlYXRlIjoxODAwMDAwMDAwMDAwLCJkZWxldGUiOjE4MDAwMDAwMDAwMDAsInJlYWQiOjMwMDAwMDAwMDAwMCwidXBkYXRlIjoxODAwMDAwMDAwMDAwfX0=",
          "dependencies": [
            "azurerm_resource_group.test"
          ]
        }
      ]
    }
  ]
}
