{
  "version": 4,
  "terraform_version": "0.15.4",
  "serial": 85,
  "lineage": "3e345e6f-59c6-9fa2-2592-1423af781744",
  "outputs": {},
  "resources": [
    {
      "mode": "managed",
      "type": "azurerm_lb",
      "name": "test",
      "provider": "provider[\"registry.terraform.io/hashicorp/azurerm\"]",
      "instances": [
        {
          "schema_version": 0,
          "attributes": {
            "frontend_ip_configuration": [
              {
                "id": "/subscriptions/5574b6c1-8964-4c00-a89d-73977f7bdd67/resourceGroups/jfrog/providers/Microsoft.Network/loadBalancers/loadBalancer/frontendIPConfigurations/PublicIPAddress",
                "inbound_nat_rules": [],
                "load_balancer_rules": [
                  "/subscriptions/5574b6c1-8964-4c00-a89d-73977f7bdd67/resourceGroups/jfrog/providers/Microsoft.Network/loadBalancers/loadBalancer/loadBalancingRules/h",
                  "/subscriptions/5574b6c1-8964-4c00-a89d-73977f7bdd67/resourceGroups/jfrog/providers/Microsoft.Network/loadBalancers/loadBalancer/loadBalancingRules/http"
                ],
                "name": "PublicIPAddress",
                "outbound_rules": [],
                "private_ip_address": "",
                "private_ip_address_allocation": "Dynamic",
                "private_ip_address_version": "IPv4",
                "public_ip_address_id": "/subscriptions/5574b6c1-8964-4c00-a89d-73977f7bdd67/resourceGroups/jfrog/providers/Microsoft.Network/publicIPAddresses/PublicIPForLB",
                "public_ip_prefix_id": "",
                "subnet_id": "",
                "zones": []
              }
            ],
            "id": "/subscriptions/5574b6c1-8964-4c00-a89d-73977f7bdd67/resourceGroups/jfrog/providers/Microsoft.Network/loadBalancers/loadBalancer",
            "location": "westus2",
            "name": "loadBalancer",
            "private_ip_address": "",
            "private_ip_addresses": [],
            "resource_group_name": "jfrog",
            "sku": "Standard",
            "tags": {},
            "timeouts": null
          },
          "sensitive_attributes": [],
          "private": "eyJlMmJmYjczMC1lY2FhLTExZTYtOGY4OC0zNDM2M2JjN2M0YzAiOnsiY3JlYXRlIjoxODAwMDAwMDAwMDAwLCJkZWxldGUiOjE4MDAwMDAwMDAwMDAsInJlYWQiOjMwMDAwMDAwMDAwMCwidXBkYXRlIjoxODAwMDAwMDAwMDAwfX0=",
          "dependencies": [
            "azurerm_public_ip.test",
            "azurerm_resource_group.test"
          ]
        }
      ]
    },
    {
      "mode": "managed",
      "type": "azurerm_lb_probe",
      "name": "test",
      "provider": "provider[\"registry.terraform.io/hashicorp/azurerm\"]",
      "instances": [
        {
          "schema_version": 0,
          "attributes": {
            "id": "/subscriptions/5574b6c1-8964-4c00-a89d-73977f7bdd67/resourceGroups/jfrog/providers/Microsoft.Network/loadBalancers/loadBalancer/probes/ssh-running-probe",
            "interval_in_seconds": 15,
            "load_balancer_rules": [
              "/subscriptions/5574b6c1-8964-4c00-a89d-73977f7bdd67/resourceGroups/jfrog/providers/Microsoft.Network/loadBalancers/loadBalancer/loadBalancingRules/h",
              "/subscriptions/5574b6c1-8964-4c00-a89d-73977f7bdd67/resourceGroups/jfrog/providers/Microsoft.Network/loadBalancers/loadBalancer/loadBalancingRules/http"
            ],
            "loadbalancer_id": "/subscriptions/5574b6c1-8964-4c00-a89d-73977f7bdd67/resourceGroups/jfrog/providers/Microsoft.Network/loadBalancers/loadBalancer",
            "name": "ssh-running-probe",
            "number_of_probes": 2,
            "port": 22,
            "protocol": "Tcp",
            "request_path": "",
            "resource_group_name": "jfrog",
            "timeouts": null
          },
          "sensitive_attributes": [],
          "private": "eyJlMmJmYjczMC1lY2FhLTExZTYtOGY4OC0zNDM2M2JjN2M0YzAiOnsiY3JlYXRlIjoxODAwMDAwMDAwMDAwLCJkZWxldGUiOjE4MDAwMDAwMDAwMDAsInJlYWQiOjMwMDAwMDAwMDAwMCwidXBkYXRlIjoxODAwMDAwMDAwMDAwfX0=",
          "dependencies": [
            "azurerm_public_ip.test",
            "azurerm_resource_group.test",
            "azurerm_lb.test"
          ]
        }
      ]
    },
    {
      "mode": "managed",
      "type": "azurerm_public_ip",
      "name": "test",
      "provider": "provider[\"registry.terraform.io/hashicorp/azurerm\"]",
      "instances": [
        {
          "schema_version": 0,
          "attributes": {
            "allocation_method": "Static",
            "domain_name_label": null,
            "fqdn": null,
            "id": "/subscriptions/5574b6c1-8964-4c00-a89d-73977f7bdd67/resourceGroups/jfrog/providers/Microsoft.Network/publicIPAddresses/PublicIPForLB",
            "idle_timeout_in_minutes": 4,
            "ip_address": "20.99.132.129",
            "ip_tags": {},
            "ip_version": "IPv4",
            "location": "westus2",
            "name": "PublicIPForLB",
            "public_ip_prefix_id": null,
            "resource_group_name": "jfrog",
            "reverse_fqdn": null,
            "sku": "Standard",
            "tags": {},
            "timeouts": null,
            "zones": []
          },
          "sensitive_attributes": [],
          "private": "eyJlMmJmYjczMC1lY2FhLTExZTYtOGY4OC0zNDM2M2JjN2M0YzAiOnsiY3JlYXRlIjoxODAwMDAwMDAwMDAwLCJkZWxldGUiOjE4MDAwMDAwMDAwMDAsInJlYWQiOjMwMDAwMDAwMDAwMCwidXBkYXRlIjoxODAwMDAwMDAwMDAwfX0=",
          "dependencies": [
            "azurerm_resource_group.test"
          ]
        }
      ]
    },
    {
      "mode": "managed",
      "type": "azurerm_resource_group",
      "name": "test",
      "provider": "provider[\"registry.terraform.io/hashicorp/azurerm\"]",
      "instances": [
        {
          "schema_version": 0,
          "attributes": {
            "id": "/subscriptions/5574b6c1-8964-4c00-a89d-73977f7bdd67/resourceGroups/jfrog",
            "location": "westus2",
            "name": "jfrog",
            "tags": {},
            "timeouts": null
          },
          "sensitive_attributes": [],
          "private": "eyJlMmJmYjczMC1lY2FhLTExZTYtOGY4OC0zNDM2M2JjN2M0YzAiOnsiY3JlYXRlIjo1NDAwMDAwMDAwMDAwLCJkZWxldGUiOjU0MDAwMDAwMDAwMDAsInJlYWQiOjMwMDAwMDAwMDAwMCwidXBkYXRlIjo1NDAwMDAwMDAwMDAwfX0="
        }
      ]
    }
  ]
}
